
Microsoft Visual Studio Solution File, Format Version 12.00
# Visual Studio Version 17
VisualStudioVersion = 17.9.34723.18
MinimumVisualStudioVersion = 10.0.40219.1
Project("{FAE04EC0-301F-11D3-BF4B-00C04F79EFBC}") = "Snake", "Snake\Snake.csproj", "{8BB262CC-FA72-462A-B4EC-CA19127A7386}"
EndProject
Global
	GlobalSection(SolutionConfigurationPlatforms) = preSolution
		Debug|Any CPU = Debug|Any CPU
		Release|Any CPU = Release|Any CPU
	EndGlobalSection
	GlobalSection(ProjectConfigurationPlatforms) = postSolution
		{8BB262CC-FA72-462A-B4EC-CA19127A7386}.Debug|Any CPU.ActiveCfg = Debug|Any CPU
		{8BB262CC-FA72-462A-B4EC-CA19127A7386}.Debug|Any CPU.Build.0 = Debug|Any CPU
		{8BB262CC-FA72-462A-B4EC-CA19127A7386}.Release|Any CPU.ActiveCfg = Release|Any CPU
		{8BB262CC-FA72-462A-B4EC-CA19127A7386}.Release|Any CPU.Build.0 = Release|Any CPU
	EndGlobalSection
	GlobalSection(SolutionProperties) = preSolution
		HideSolutionNode = FALSE
	EndGlobalSection
	GlobalSection(ExtensibilityGlobals) = postSolution
		SolutionGuid = {5CC20678-D31D-4D53-AA94-CDF3F258D4CC}
	EndGlobalSection
EndGlobal
